
Microsoft Visual Studio Solution File, Format Version 11.00
# Visual C# Express 2010
Project("{FAE04EC0-301F-11D3-BF4B-00C04F79EFBC}") = "WinGUI", "WinGUI\WinGUI.csproj", "{3F9BA844-0DB3-4748-A747-0D41ECFB5F84}"
	ProjectSection(ProjectDependencies) = postProject
		{7F2A7F6B-9231-42E7-BC79-4896D4108662} = {7F2A7F6B-9231-42E7-BC79-4896D4108662}
	EndProjectSection
EndProject
Project("{FAE04EC0-301F-11D3-BF4B-00C04F79EFBC}") = "Pdf2KT", "Pdf2KT\Pdf2KT.csproj", "{7F2A7F6B-9231-42E7-BC79-4896D4108662}"
EndProject
Global
	GlobalSection(SolutionConfigurationPlatforms) = preSolution
		Debug|Any CPU = Debug|Any CPU
		Debug|Mixed Platforms = Debug|Mixed Platforms
		Debug|x86 = Debug|x86
		Release|Any CPU = Release|Any CPU
		Release|Mixed Platforms = Release|Mixed Platforms
		Release|x86 = Release|x86
	EndGlobalSection
	GlobalSection(ProjectConfigurationPlatforms) = postSolution
		{3F9BA844-0DB3-4748-A747-0D41ECFB5F84}.Debug|Any CPU.ActiveCfg = Debug|x86
		{3F9BA844-0DB3-4748-A747-0D41ECFB5F84}.Debug|Mixed Platforms.ActiveCfg = Debug|x86
		{3F9BA844-0DB3-4748-A747-0D41ECFB5F84}.Debug|Mixed Platforms.Build.0 = Debug|x86
		{3F9BA844-0DB3-4748-A747-0D41ECFB5F84}.Debug|x86.ActiveCfg = Debug|x86
		{3F9BA844-0DB3-4748-A747-0D41ECFB5F84}.Debug|x86.Build.0 = Debug|x86
		{3F9BA844-0DB3-4748-A747-0D41ECFB5F84}.Release|Any CPU.ActiveCfg = Release|x86
		{3F9BA844-0DB3-4748-A747-0D41ECFB5F84}.Release|Mixed Platforms.ActiveCfg = Release|x86
		{3F9BA844-0DB3-4748-A747-0D41ECFB5F84}.Release|Mixed Platforms.Build.0 = Release|x86
		{3F9BA844-0DB3-4748-A747-0D41ECFB5F84}.Release|x86.ActiveCfg = Release|x86
		{3F9BA844-0DB3-4748-A747-0D41ECFB5F84}.Release|x86.Build.0 = Release|x86
		{7F2A7F6B-9231-42E7-BC79-4896D4108662}.Debug|Any CPU.ActiveCfg = Debug|Any CPU
		{7F2A7F6B-9231-42E7-BC79-4896D4108662}.Debug|Any CPU.Build.0 = Debug|Any CPU
		{7F2A7F6B-9231-42E7-BC79-4896D4108662}.Debug|Mixed Platforms.ActiveCfg = Debug|Any CPU
		{7F2A7F6B-9231-42E7-BC79-4896D4108662}.Debug|Mixed Platforms.Build.0 = Debug|Any CPU
		{7F2A7F6B-9231-42E7-BC79-4896D4108662}.Debug|x86.ActiveCfg = Debug|Any CPU
		{7F2A7F6B-9231-42E7-BC79-4896D4108662}.Release|Any CPU.ActiveCfg = Release|Any CPU
		{7F2A7F6B-9231-42E7-BC79-4896D4108662}.Release|Any CPU.Build.0 = Release|Any CPU
		{7F2A7F6B-9231-42E7-BC79-4896D4108662}.Release|Mixed Platforms.ActiveCfg = Release|Any CPU
		{7F2A7F6B-9231-42E7-BC79-4896D4108662}.Release|Mixed Platforms.Build.0 = Release|Any CPU
		{7F2A7F6B-9231-42E7-BC79-4896D4108662}.Release|x86.ActiveCfg = Release|Any CPU
	EndGlobalSection
	GlobalSection(SolutionProperties) = preSolution
		HideSolutionNode = FALSE
	EndGlobalSection
EndGlobal
